
Microsoft Visual Studio Solution File, Format Version 12.00
# Visual Studio Version 16
VisualStudioVersion = 16.0.29519.181
MinimumVisualStudioVersion = 10.0.40219.1
Project("{888888A0-9F3D-457C-B088-3A5042F75D52}") = "game simulation", "game simulation.pyproj", "{561C023F-8390-48E7-BE24-0476ABD02990}"
EndProject
Project("{9A19103F-16F7-4668-BE54-9A1E7A4F7556}") = "GameResources", "GameResources\GameResources.csproj", "{121FEC1C-5264-474C-9DD2-1D58DB1C5E8F}"
EndProject
Project("{9A19103F-16F7-4668-BE54-9A1E7A4F7556}") = "Game Simulator", "Game Simulator\Game Simulator.csproj", "{D4315311-F376-46A4-8D8B-F79C4BF65153}"
EndProject
Global
	GlobalSection(SolutionConfigurationPlatforms) = preSolution
		Debug|Any CPU = Debug|Any CPU
		Release|Any CPU = Release|Any CPU
	EndGlobalSection
	GlobalSection(ProjectConfigurationPlatforms) = postSolution
		{561C023F-8390-48E7-BE24-0476ABD02990}.Debug|Any CPU.ActiveCfg = Debug|Any CPU
		{561C023F-8390-48E7-BE24-0476ABD02990}.Release|Any CPU.ActiveCfg = Release|Any CPU
		{121FEC1C-5264-474C-9DD2-1D58DB1C5E8F}.Debug|Any CPU.ActiveCfg = Debug|Any CPU
		{121FEC1C-5264-474C-9DD2-1D58DB1C5E8F}.Debug|Any CPU.Build.0 = Debug|Any CPU
		{121FEC1C-5264-474C-9DD2-1D58DB1C5E8F}.Release|Any CPU.ActiveCfg = Release|Any CPU
		{121FEC1C-5264-474C-9DD2-1D58DB1C5E8F}.Release|Any CPU.Build.0 = Release|Any CPU
		{D4315311-F376-46A4-8D8B-F79C4BF65153}.Debug|Any CPU.ActiveCfg = Debug|Any CPU
		{D4315311-F376-46A4-8D8B-F79C4BF65153}.Debug|Any CPU.Build.0 = Debug|Any CPU
		{D4315311-F376-46A4-8D8B-F79C4BF65153}.Release|Any CPU.ActiveCfg = Release|Any CPU
		{D4315311-F376-46A4-8D8B-F79C4BF65153}.Release|Any CPU.Build.0 = Release|Any CPU
	EndGlobalSection
	GlobalSection(SolutionProperties) = preSolution
		HideSolutionNode = FALSE
	EndGlobalSection
	GlobalSection(ExtensibilityGlobals) = postSolution
		SolutionGuid = {9C37C1DB-01B2-4DD4-84CE-5BB40D717E53}
	EndGlobalSection
EndGlobal
